PODS:
  - Flutter (1.0.0)
  - search_choices (0.0.1):
    - Flutter

DEPENDENCIES:
  - Flutter (from `Flutter`)
  - search_choices (from `.symlinks/plugins/search_choices/ios`)

EXTERNAL SOURCES:
  Flutter:
    :path: Flutter
  search_choices:
    :path: ".symlinks/plugins/search_choices/ios"

SPEC CHECKSUMS:
  Flutter: 0e3d915762c693b495b44d77113d4970485de6ec
  search_choices: b50731e8c425078048f681f39c34375c58d6ce8d

PODFILE CHECKSUM: 1b66dae606f75376c5f2135a8290850eeb09ae83

COCOAPODS: 1.7.2
