PODS:
  - Flutter (1.0.0)
  - searchable_dropdown (0.0.1):
    - Flutter

DEPENDENCIES:
  - Flutter (from `.symlinks/flutter/ios`)
  - searchable_dropdown (from `.symlinks/plugins/searchable_dropdown/ios`)

EXTERNAL SOURCES:
  Flutter:
    :path: ".symlinks/flutter/ios"
  searchable_dropdown:
    :path: ".symlinks/plugins/searchable_dropdown/ios"

SPEC CHECKSUMS:
  Flutter: 9d0fac939486c9aba2809b7982dfdbb47a7b0296
  searchable_dropdown: 75ba686d9b6476036d71a0dd2d88d1cbe190d6a9

PODFILE CHECKSUM: aff02bfeed411c636180d6812254b2daeea14d09

COCOAPODS: 1.5.3
